
Microsoft Visual Studio Solution File, Format Version 12.00
# Visual Studio Version 17
VisualStudioVersion = 17.4.33213.308
MinimumVisualStudioVersion = 10.0.40219.1
Project("{FAE04EC0-301F-11D3-BF4B-00C04F79EFBC}") = "deneme2", "deneme2.csproj", "{4CEF3441-FCC0-4A53-A706-C78A00F34BB9}"
EndProject
Global
	GlobalSection(SolutionConfigurationPlatforms) = preSolution
		Debug|Any CPU = Debug|Any CPU
		Release|Any CPU = Release|Any CPU
	EndGlobalSection
	GlobalSection(ProjectConfigurationPlatforms) = postSolution
		{4CEF3441-FCC0-4A53-A706-C78A00F34BB9}.Debug|Any CPU.ActiveCfg = Debug|Any CPU
		{4CEF3441-FCC0-4A53-A706-C78A00F34BB9}.Debug|Any CPU.Build.0 = Debug|Any CPU
		{4CEF3441-FCC0-4A53-A706-C78A00F34BB9}.Release|Any CPU.ActiveCfg = Release|Any CPU
		{4CEF3441-FCC0-4A53-A706-C78A00F34BB9}.Release|Any CPU.Build.0 = Release|Any CPU
	EndGlobalSection
	GlobalSection(SolutionProperties) = preSolution
		HideSolutionNode = FALSE
	EndGlobalSection
	GlobalSection(ExtensibilityGlobals) = postSolution
		SolutionGuid = {58E9EE85-3C34-49B6-9CD7-23A1C6D9D5A5}
	EndGlobalSection
EndGlobal
